
Microsoft Visual Studio Solution File, Format Version 12.00
# Visual Studio Version 16
VisualStudioVersion = 16.0.31129.286
MinimumVisualStudioVersion = 10.0.40219.1
Project("{FAE04EC0-301F-11D3-BF4B-00C04F79EFBC}") = "Media", "Media\Media.csproj", "{4EF77772-C263-4269-9B01-D53DE9C8F511}"
EndProject
Global
	GlobalSection(SolutionConfigurationPlatforms) = preSolution
		Debug|Any CPU = Debug|Any CPU
		Release|Any CPU = Release|Any CPU
	EndGlobalSection
	GlobalSection(ProjectConfigurationPlatforms) = postSolution
		{4EF77772-C263-4269-9B01-D53DE9C8F511}.Debug|Any CPU.ActiveCfg = Debug|Any CPU
		{4EF77772-C263-4269-9B01-D53DE9C8F511}.Debug|Any CPU.Build.0 = Debug|Any CPU
		{4EF77772-C263-4269-9B01-D53DE9C8F511}.Release|Any CPU.ActiveCfg = Release|Any CPU
		{4EF77772-C263-4269-9B01-D53DE9C8F511}.Release|Any CPU.Build.0 = Release|Any CPU
	EndGlobalSection
	GlobalSection(SolutionProperties) = preSolution
		HideSolutionNode = FALSE
	EndGlobalSection
	GlobalSection(ExtensibilityGlobals) = postSolution
		SolutionGuid = {961911EC-E06D-46A7-B596-C30E5BF8CA79}
	EndGlobalSection
EndGlobal
